PODS:
  - CoinbaseWalletSDK (0.1.0)

DEPENDENCIES:
  - CoinbaseWalletSDK (from `../../`)

EXTERNAL SOURCES:
  CoinbaseWalletSDK:
    :path: "../../"

SPEC CHECKSUMS:
  CoinbaseWalletSDK: 60d61fce1842e2b8dd567b38d4890a7052a9be4a

PODFILE CHECKSUM: f98c6ac0e9f541a8072610d705d7f759175474e3

COCOAPODS: 1.11.3
